// !$*UTF8*$!
{
	archiveVersion = 1;
	classes = {
	};
	objectVersion = 48;
	objects = {

/* Begin PBXBuildFile section */
		765DBAFA21CAD88B00C2FBB8 /* AppDelegate.swift in Sources */ = {isa = PBXBuildFile; fileRef = 765DBAF921CAD88B00C2FBB8 /* AppDelegate.swift */; };
		765DBAFC21CAD88B00C2FBB8 /* ViewController.swift in Sources */ = {isa = PBXBuildFile; fileRef = 765DBAFB21CAD88B00C2FBB8 /* ViewController.swift */; };
		765DBAFF21CAD88B00C2FBB8 /* Main.storyboard in Resources */ = {isa = PBXBuildFile; fileRef = 765DBAFD21CAD88B00C2FBB8 /* Main.storyboard */; };
		765DBB0221CAD88B00C2FBB8 /* ProgressBar.xcdatamodeld in Sources */ = {isa = PBXBuildFile; fileRef = 765DBB0021CAD88B00C2FBB8 /* ProgressBar.xcdatamodeld */; };
		765DBB0421CAD88B00C2FBB8 /* Assets.xcassets in Resources */ = {isa = PBXBuildFile; fileRef = 765DBB0321CAD88B00C2FBB8 /* Assets.xcassets */; };
		765DBB0721CAD88B00C2FBB8 /* LaunchScreen.storyboard in Resources */ = {isa = PBXBuildFile; fileRef = 765DBB0521CAD88B00C2FBB8 /* LaunchScreen.storyboard */; };
		765DBB1221CAD88B00C2FBB8 /* ProgressBarTests.swift in Sources */ = {isa = PBXBuildFile; fileRef = 765DBB1121CAD88B00C2FBB8 /* ProgressBarTests.swift */; };
		765DBB1D21CAD88B00C2FBB8 /* ProgressBarUITests.swift in Sources */ = {isa = PBXBuildFile; fileRef = 765DBB1C21CAD88B00C2FBB8 /* ProgressBarUITests.swift */; };
/* End PBXBuildFile section */

/* Begin PBXContainerItemProxy section */
		765DBB0E21CAD88B00C2FBB8 /* PBXContainerItemProxy */ = {
			isa = PBXContainerItemProxy;
			containerPortal = 765DBAEE21CAD88B00C2FBB8 /* Project object */;
			proxyType = 1;
			remoteGlobalIDString = 765DBAF521CAD88B00C2FBB8;
			remoteInfo = ProgressBar;
		};
		765DBB1921CAD88B00C2FBB8 /* PBXContainerItemProxy */ = {
			isa = PBXContainerItemProxy;
			containerPortal = 765DBAEE21CAD88B00C2FBB8 /* Project object */;
			proxyType = 1;
			remoteGlobalIDString = 765DBAF521CAD88B00C2FBB8;
			remoteInfo = ProgressBar;
		};
/* End PBXContainerItemProxy section */

/* Begin PBXFileReference section */
		765DBAF621CAD88B00C2FBB8 /* ProgressBar.app */ = {isa = PBXFileReference; explicitFileType = wrapper.application; includeInIndex = 0; path = ProgressBar.app; sourceTree = BUILT_PRODUCTS_DIR; };
		765DBAF921CAD88B00C2FBB8 /* AppDelegate.swift */ = {isa = PBXFileReference; lastKnownFileType = sourcecode.swift; path = AppDelegate.swift; sourceTree = "<group>"; };
		765DBAFB21CAD88B00C2FBB8 /* ViewController.swift */ = {isa = PBXFileReference; lastKnownFileType = sourcecode.swift; path = ViewController.swift; sourceTree = "<group>"; };
		765DBAFE21CAD88B00C2FBB8 /* Base */ = {isa = PBXFileReference; lastKnownFileType = file.storyboard; name = Base; path = Base.lproj/Main.storyboard; sourceTree = "<group>"; };
		765DBB0121CAD88B00C2FBB8 /* ProgressBar.xcdatamodel */ = {isa = PBXFileReference; lastKnownFileType = wrapper.xcdatamodel; path = ProgressBar.xcdatamodel; sourceTree = "<group>"; };
		765DBB0321CAD88B00C2FBB8 /* Assets.xcassets */ = {isa = PBXFileReference; lastKnownFileType = folder.assetcatalog; path = Assets.xcassets; sourceTree = "<group>"; };
		765DBB0621CAD88B00C2FBB8 /* Base */ = {isa = PBXFileReference; lastKnownFileType = file.storyboard; name = Base; path = Base.lproj/LaunchScreen.storyboard; sourceTree = "<group>"; };
		765DBB0821CAD88B00C2FBB8 /* Info.plist */ = {isa = PBXFileReference; lastKnownFileType = text.plist.xml; path = Info.plist; sourceTree = "<group>"; };
		765DBB0D21CAD88B00C2FBB8 /* ProgressBarTests.xctest */ = {isa = PBXFileReference; explicitFileType = wrapper.cfbundle; includeInIndex = 0; path = ProgressBarTests.xctest; sourceTree = BUILT_PRODUCTS_DIR; };
		765DBB1121CAD88B00C2FBB8 /* ProgressBarTests.swift */ = {isa = PBXFileReference; lastKnownFileType = sourcecode.swift; path = ProgressBarTests.swift; sourceTree = "<group>"; };
		765DBB1321CAD88B00C2FBB8 /* Info.plist */ = {isa = PBXFileReference; lastKnownFileType = text.plist.xml; path = Info.plist; sourceTree = "<group>"; };
		765DBB1821CAD88B00C2FBB8 /* ProgressBarUITests.xctest */ = {isa = PBXFileReference; explicitFileType = wrapper.cfbundle; includeInIndex = 0; path = ProgressBarUITests.xctest; sourceTree = BUILT_PRODUCTS_DIR; };
		765DBB1C21CAD88B00C2FBB8 /* ProgressBarUITests.swift */ = {isa = PBXFileReference; lastKnownFileType = sourcecode.swift; path = ProgressBarUITests.swift; sourceTree = "<group>"; };
		765DBB1E21CAD88B00C2FBB8 /* Info.plist */ = {isa = PBXFileReference; lastKnownFileType = text.plist.xml; path = Info.plist; sourceTree = "<group>"; };
/* End PBXFileReference section */

/* Begin PBXFrameworksBuildPhase section */
		765DBAF321CAD88B00C2FBB8 /* Frameworks */ = {
			isa = PBXFrameworksBuildPhase;
			buildActionMask = 2147483647;
			files = (
			);
			runOnlyForDeploymentPostprocessing = 0;
		};
		765DBB0A21CAD88B00C2FBB8 /* Frameworks */ = {
			isa = PBXFrameworksBuildPhase;
			buildActionMask = 2147483647;
			files = (
			);
			runOnlyForDeploymentPostprocessing = 0;
		};
		765DBB1521CAD88B00C2FBB8 /* Frameworks */ = {
			isa = PBXFrameworksBuildPhase;
			buildActionMask = 2147483647;
			files = (
			);
			runOnlyForDeploymentPostprocessing = 0;
		};
/* End PBXFrameworksBuildPhase section */

/* Begin PBXGroup section */
		765DBAED21CAD88B00C2FBB8 = {
			isa = PBXGroup;
			children = (
				765DBAF821CAD88B00C2FBB8 /* ProgressBar */,
				765DBB1021CAD88B00C2FBB8 /* ProgressBarTests */,
				765DBB1B21CAD88B00C2FBB8 /* ProgressBarUITests */,
				765DBAF721CAD88B00C2FBB8 /* Products */,
			);
			sourceTree = "<group>";
		};
		765DBAF721CAD88B00C2FBB8 /* Products */ = {
			isa = PBXGroup;
			children = (
				765DBAF621CAD88B00C2FBB8 /* ProgressBar.app */,
				765DBB0D21CAD88B00C2FBB8 /* ProgressBarTests.xctest */,
				765DBB1821CAD88B00C2FBB8 /* ProgressBarUITests.xctest */,
			);
			name = Products;
			sourceTree = "<group>";
		};
		765DBAF821CAD88B00C2FBB8 /* ProgressBar */ = {
			isa = PBXGroup;
			children = (
				765DBAF921CAD88B00C2FBB8 /* AppDelegate.swift */,
				765DBAFB21CAD88B00C2FBB8 /* ViewController.swift */,
				765DBAFD21CAD88B00C2FBB8 /* Main.storyboard */,
				765DBB0321CAD88B00C2FBB8 /* Assets.xcassets */,
				765DBB0521CAD88B00C2FBB8 /* LaunchScreen.storyboard */,
				765DBB0821CAD88B00C2FBB8 /* Info.plist */,
				765DBB0021CAD88B00C2FBB8 /* ProgressBar.xcdatamodeld */,
			);
			path = ProgressBar;
			sourceTree = "<group>";
		};
		765DBB1021CAD88B00C2FBB8 /* ProgressBarTests */ = {
			isa = PBXGroup;
			children = (
				765DBB1121CAD88B00C2FBB8 /* ProgressBarTests.swift */,
				765DBB1321CAD88B00C2FBB8 /* Info.plist */,
			);
			path = ProgressBarTests;
			sourceTree = "<group>";
		};
		765DBB1B21CAD88B00C2FBB8 /* ProgressBarUITests */ = {
			isa = PBXGroup;
			children = (
				765DBB1C21CAD88B00C2FBB8 /* ProgressBarUITests.swift */,
				765DBB1E21CAD88B00C2FBB8 /* Info.plist */,
			);
			path = ProgressBarUITests;
			sourceTree = "<group>";
		};
/* End PBXGroup section */

/* Begin PBXNativeTarget section */
		765DBAF521CAD88B00C2FBB8 /* ProgressBar */ = {
			isa = PBXNativeTarget;
			buildConfigurationList = 765DBB2121CAD88B00C2FBB8 /* Build configuration list for PBXNativeTarget "ProgressBar" */;
			buildPhases = (
				765DBAF221CAD88B00C2FBB8 /* Sources */,
				765DBAF321CAD88B00C2FBB8 /* Frameworks */,
				765DBAF421CAD88B00C2FBB8 /* Resources */,
			);
			buildRules = (
			);
			dependencies = (
			);
			name = ProgressBar;
			productName = ProgressBar;
			productReference = 765DBAF621CAD88B00C2FBB8 /* ProgressBar.app */;
			productType = "com.apple.product-type.application";
		};
		765DBB0C21CAD88B00C2FBB8 /* ProgressBarTests */ = {
			isa = PBXNativeTarget;
			buildConfigurationList = 765DBB2421CAD88B00C2FBB8 /* Build configuration list for PBXNativeTarget "ProgressBarTests" */;
			buildPhases = (
				765DBB0921CAD88B00C2FBB8 /* Sources */,
				765DBB0A21CAD88B00C2FBB8 /* Frameworks */,
				765DBB0B21CAD88B00C2FBB8 /* Resources */,
			);
			buildRules = (
			);
			dependencies = (
				765DBB0F21CAD88B00C2FBB8 /* PBXTargetDependency */,
			);
			name = ProgressBarTests;
			productName = ProgressBarTests;
			productReference = 765DBB0D21CAD88B00C2FBB8 /* ProgressBarTests.xctest */;
			productType = "com.apple.product-type.bundle.unit-test";
		};
		765DBB1721CAD88B00C2FBB8 /* ProgressBarUITests */ = {
			isa = PBXNativeTarget;
			buildConfigurationList = 765DBB2721CAD88B00C2FBB8 /* Build configuration list for PBXNativeTarget "ProgressBarUITests" */;
			buildPhases = (
				765DBB1421CAD88B00C2FBB8 /* Sources */,
				765DBB1521CAD88B00C2FBB8 /* Frameworks */,
				765DBB1621CAD88B00C2FBB8 /* Resources */,
			);
			buildRules = (
			);
			dependencies = (
				765DBB1A21CAD88B00C2FBB8 /* PBXTargetDependency */,
			);
			name = ProgressBarUITests;
			productName = ProgressBarUITests;
			productReference = 765DBB1821CAD88B00C2FBB8 /* ProgressBarUITests.xctest */;
			productType = "com.apple.product-type.bundle.ui-testing";
		};
/* End PBXNativeTarget section */

/* Begin PBXProject section */
		765DBAEE21CAD88B00C2FBB8 /* Project object */ = {
			isa = PBXProject;
			attributes = {
				LastSwiftUpdateCheck = 0920;
				LastUpgradeCheck = 0920;
				ORGANIZATIONNAME = "MACBOOK PRO RETINA";
				TargetAttributes = {
					765DBAF521CAD88B00C2FBB8 = {
						CreatedOnToolsVersion = 9.2;
						ProvisioningStyle = Automatic;
					};
					765DBB0C21CAD88B00C2FBB8 = {
						CreatedOnToolsVersion = 9.2;
						ProvisioningStyle = Automatic;
						TestTargetID = 765DBAF521CAD88B00C2FBB8;
					};
					765DBB1721CAD88B00C2FBB8 = {
						CreatedOnToolsVersion = 9.2;
						ProvisioningStyle = Automatic;
						TestTargetID = 765DBAF521CAD88B00C2FBB8;
					};
				};
			};
			buildConfigurationList = 765DBAF121CAD88B00C2FBB8 /* Build configuration list for PBXProject "ProgressBar" */;
			compatibilityVersion = "Xcode 8.0";
			developmentRegion = en;
			hasScannedForEncodings = 0;
			knownRegions = (
				en,
				Base,
			);
			mainGroup = 765DBAED21CAD88B00C2FBB8;
			productRefGroup = 765DBAF721CAD88B00C2FBB8 /* Products */;
			projectDirPath = "";
			projectRoot = "";
			targets = (
				765DBAF521CAD88B00C2FBB8 /* ProgressBar */,
				765DBB0C21CAD88B00C2FBB8 /* ProgressBarTests */,
				765DBB1721CAD88B00C2FBB8 /* ProgressBarUITests */,
			);
		};
/* End PBXProject section */

/* Begin PBXResourcesBuildPhase section */
		765DBAF421CAD88B00C2FBB8 /* Resources */ = {
			isa = PBXResourcesBuildPhase;
			buildActionMask = 2147483647;
			files = (
				765DBB0721CAD88B00C2FBB8 /* LaunchScreen.storyboard in Resources */,
				765DBB0421CAD88B00C2FBB8 /* Assets.xcassets in Resources */,
				765DBAFF21CAD88B00C2FBB8 /* Main.storyboard in Resources */,
			);
			runOnlyForDeploymentPostprocessing = 0;
		};
		765DBB0B21CAD88B00C2FBB8 /* Resources */ = {
			isa = PBXResourcesBuildPhase;
			buildActionMask = 2147483647;
			files = (
			);
			runOnlyForDeploymentPostprocessing = 0;
		};
		765DBB1621CAD88B00C2FBB8 /* Resources */ = {
			isa = PBXResourcesBuildPhase;
			buildActionMask = 2147483647;
			files = (
			);
			runOnlyForDeploymentPostprocessing = 0;
		};
/* End PBXResourcesBuildPhase section */

/* Begin PBXSourcesBuildPhase section */
		765DBAF221CAD88B00C2FBB8 /* Sources */ = {
			isa = PBXSourcesBuildPhase;
			buildActionMask = 2147483647;
			files = (
				765DBAFC21CAD88B00C2FBB8 /* ViewController.swift in Sources */,
				765DBB0221CAD88B00C2FBB8 /* ProgressBar.xcdatamodeld in Sources */,
				765DBAFA21CAD88B00C2FBB8 /* AppDelegate.swift in Sources */,
			);
			runOnlyForDeploymentPostprocessing = 0;
		};
		765DBB0921CAD88B00C2FBB8 /* Sources */ = {
			isa = PBXSourcesBuildPhase;
			buildActionMask = 2147483647;
			files = (
				765DBB1221CAD88B00C2FBB8 /* ProgressBarTests.swift in Sources */,
			);
			runOnlyForDeploymentPostprocessing = 0;
		};
		765DBB1421CAD88B00C2FBB8 /* Sources */ = {
			isa = PBXSourcesBuildPhase;
			buildActionMask = 2147483647;
			files = (
				765DBB1D21CAD88B00C2FBB8 /* ProgressBarUITests.swift in Sources */,
			);
			runOnlyForDeploymentPostprocessing = 0;
		};
/* End PBXSourcesBuildPhase section */

/* Begin PBXTargetDependency section */
		765DBB0F21CAD88B00C2FBB8 /* PBXTargetDependency */ = {
			isa = PBXTargetDependency;
			target = 765DBAF521CAD88B00C2FBB8 /* ProgressBar */;
			targetProxy = 765DBB0E21CAD88B00C2FBB8 /* PBXContainerItemProxy */;
		};
		765DBB1A21CAD88B00C2FBB8 /* PBXTargetDependency */ = {
			isa = PBXTargetDependency;
			target = 765DBAF521CAD88B00C2FBB8 /* ProgressBar */;
			targetProxy = 765DBB1921CAD88B00C2FBB8 /* PBXContainerItemProxy */;
		};
/* End PBXTargetDependency section */

/* Begin PBXVariantGroup section */
		765DBAFD21CAD88B00C2FBB8 /* Main.storyboard */ = {
			isa = PBXVariantGroup;
			children = (
				765DBAFE21CAD88B00C2FBB8 /* Base */,
			);
			name = Main.storyboard;
			sourceTree = "<group>";
		};
		765DBB0521CAD88B00C2FBB8 /* LaunchScreen.storyboard */ = {
			isa = PBXVariantGroup;
			children = (
				765DBB0621CAD88B00C2FBB8 /* Base */,
			);
			name = LaunchScreen.storyboard;
			sourceTree = "<group>";
		};
/* End PBXVariantGroup section */

/* Begin XCBuildConfiguration section */
		765DBB1F21CAD88B00C2FBB8 /* Debug */ = {
			isa = XCBuildConfiguration;
			buildSettings = {
				ALWAYS_SEARCH_USER_PATHS = NO;
				CLANG_ANALYZER_NONNULL = YES;
				CLANG_ANALYZER_NUMBER_OBJECT_CONVERSION = YES_AGGRESSIVE;
				CLANG_CXX_LANGUAGE_STANDARD = "gnu++14";
				CLANG_CXX_LIBRARY = "libc++";
				CLANG_ENABLE_MODULES = YES;
				CLANG_ENABLE_OBJC_ARC = YES;
				CLANG_WARN_BLOCK_CAPTURE_AUTORELEASING = YES;
				CLANG_WARN_BOOL_CONVERSION = YES;
				CLANG_WARN_COMMA = YES;
				CLANG_WARN_CONSTANT_CONVERSION = YES;
				CLANG_WARN_DIRECT_OBJC_ISA_USAGE = YES_ERROR;
				CLANG_WARN_DOCUMENTATION_COMMENTS = YES;
				CLANG_WARN_EMPTY_BODY = YES;
				CLANG_WARN_ENUM_CONVERSION = YES;
				CLANG_WARN_INFINITE_RECURSION = YES;
				CLANG_WARN_INT_CONVERSION = YES;
				CLANG_WARN_NON_LITERAL_NULL_CONVERSION = YES;
				CLANG_WARN_OBJC_LITERAL_CONVERSION = YES;
				CLANG_WARN_OBJC_ROOT_CLASS = YES_ERROR;
				CLANG_WARN_RANGE_LOOP_ANALYSIS = YES;
				CLANG_WARN_STRICT_PROTOTYPES = YES;
				CLANG_WARN_SUSPICIOUS_MOVE = YES;
				CLANG_WARN_UNGUARDED_AVAILABILITY = YES_AGGRESSIVE;
				CLANG_WARN_UNREACHABLE_CODE = YES;
				CLANG_WARN__DUPLICATE_METHOD_MATCH = YES;
				CODE_SIGN_IDENTITY = "iPhone Developer";
				COPY_PHASE_STRIP = NO;
				DEBUG_INFORMATION_FORMAT = dwarf;
				ENABLE_STRICT_OBJC_MSGSEND = YES;
				ENABLE_TESTABILITY = YES;
				GCC_C_LANGUAGE_STANDARD = gnu11;
				GCC_DYNAMIC_NO_PIC = NO;
				GCC_NO_COMMON_BLOCKS = YES;
				GCC_OPTIMIZATION_LEVEL = 0;
				GCC_PREPROCESSOR_DEFINITIONS = (
					"DEBUG=1",
					"$(inherited)",
				);
				GCC_WARN_64_TO_32_BIT_CONVERSION = YES;
				GCC_WARN_ABOUT_RETURN_TYPE = YES_ERROR;
				GCC_WARN_UNDECLARED_SELECTOR = YES;
				GCC_WARN_UNINITIALIZED_AUTOS = YES_AGGRESSIVE;
				GCC_WARN_UNUSED_FUNCTION = YES;
				GCC_WARN_UNUSED_VARIABLE = YES;
				IPHONEOS_DEPLOYMENT_TARGET = 11.2;
				MTL_ENABLE_DEBUG_INFO = YES;
				ONLY_ACTIVE_ARCH = YES;
				SDKROOT = iphoneos;
				SWIFT_ACTIVE_COMPILATION_CONDITIONS = DEBUG;
				SWIFT_OPTIMIZATION_LEVEL = "-Onone";
			};
			name = Debug;
		};
		765DBB2021CAD88B00C2FBB8 /* Release */ = {
			isa = XCBuildConfiguration;
			buildSettings = {
				ALWAYS_SEARCH_USER_PATHS = NO;
				CLANG_ANALYZER_NONNULL = YES;
				CLANG_ANALYZER_NUMBER_OBJECT_CONVERSION = YES_AGGRESSIVE;
				CLANG_CXX_LANGUAGE_STANDARD = "gnu++14";
				CLANG_CXX_LIBRARY = "libc++";
				CLANG_ENABLE_MODULES = YES;
				CLANG_ENABLE_OBJC_ARC = YES;
				CLANG_WARN_BLOCK_CAPTURE_AUTORELEASING = YES;
				CLANG_WARN_BOOL_CONVERSION = YES;
				CLANG_WARN_COMMA = YES;
				CLANG_WARN_CONSTANT_CONVERSION = YES;
				CLANG_WARN_DIRECT_OBJC_ISA_USAGE = YES_ERROR;
				CLANG_WARN_DOCUMENTATION_COMMENTS = YES;
				CLANG_WARN_EMPTY_BODY = YES;
				CLANG_WARN_ENUM_CONVERSION = YES;
				CLANG_WARN_INFINITE_RECURSION = YES;
				CLANG_WARN_INT_CONVERSION = YES;
				CLANG_WARN_NON_LITERAL_NULL_CONVERSION = YES;
				CLANG_WARN_OBJC_LITERAL_CONVERSION = YES;
				CLANG_WARN_OBJC_ROOT_CLASS = YES_ERROR;
				CLANG_WARN_RANGE_LOOP_ANALYSIS = YES;
				CLANG_WARN_STRICT_PROTOTYPES = YES;
				CLANG_WARN_SUSPICIOUS_MOVE = YES;
				CLANG_WARN_UNGUARDED_AVAILABILITY = YES_AGGRESSIVE;
				CLANG_WARN_UNREACHABLE_CODE = YES;
				CLANG_WARN__DUPLICATE_METHOD_MATCH = YES;
				CODE_SIGN_IDENTITY = "iPhone Developer";
				COPY_PHASE_STRIP = NO;
				DEBUG_INFORMATION_FORMAT = "dwarf-with-dsym";
				ENABLE_NS_ASSERTIONS = NO;
				ENABLE_STRICT_OBJC_MSGSEND = YES;
				GCC_C_LANGUAGE_STANDARD = gnu11;
				GCC_NO_COMMON_BLOCKS = YES;
				GCC_WARN_64_TO_32_BIT_CONVERSION = YES;
				GCC_WARN_ABOUT_RETURN_TYPE = YES_ERROR;
				GCC_WARN_UNDECLARED_SELECTOR = YES;
				GCC_WARN_UNINITIALIZED_AUTOS = YES_AGGRESSIVE;
				GCC_WARN_UNUSED_FUNCTION = YES;
				GCC_WARN_UNUSED_VARIABLE = YES;
				IPHONEOS_DEPLOYMENT_TARGET = 11.2;
				MTL_ENABLE_DEBUG_INFO = NO;
				SDKROOT = iphoneos;
				SWIFT_OPTIMIZATION_LEVEL = "-Owholemodule";
				VALIDATE_PRODUCT = YES;
			};
			name = Release;
		};
		765DBB2221CAD88B00C2FBB8 /* Debug */ = {
			isa = XCBuildConfiguration;
			buildSettings = {
				ASSETCATALOG_COMPILER_APPICON_NAME = AppIcon;
				CODE_SIGN_STYLE = Automatic;
				DEVELOPMENT_TEAM = WG5JPDZ522;
				INFOPLIST_FILE = ProgressBar/Info.plist;
				LD_RUNPATH_SEARCH_PATHS = "$(inherited) @executable_path/Frameworks";
				PRODUCT_BUNDLE_IDENTIFIER = test.ProgressBar;
				PRODUCT_NAME = "$(TARGET_NAME)";
				SWIFT_VERSION = 4.0;
				TARGETED_DEVICE_FAMILY = "1,2";
			};
			name = Debug;
		};
		765DBB2321CAD88B00C2FBB8 /* Release */ = {
			isa = XCBuildConfiguration;
			buildSettings = {
				ASSETCATALOG_COMPILER_APPICON_NAME = AppIcon;
				CODE_SIGN_STYLE = Automatic;
				DEVELOPMENT_TEAM = WG5JPDZ522;
				INFOPLIST_FILE = ProgressBar/Info.plist;
				LD_RUNPATH_SEARCH_PATHS = "$(inherited) @executable_path/Frameworks";
				PRODUCT_BUNDLE_IDENTIFIER = test.ProgressBar;
				PRODUCT_NAME = "$(TARGET_NAME)";
				SWIFT_VERSION = 4.0;
				TARGETED_DEVICE_FAMILY = "1,2";
			};
			name = Release;
		};
		765DBB2521CAD88B00C2FBB8 /* Debug */ = {
			isa = XCBuildConfiguration;
			buildSettings = {
				ALWAYS_EMBED_SWIFT_STANDARD_LIBRARIES = YES;
				BUNDLE_LOADER = "$(TEST_HOST)";
				CODE_SIGN_STYLE = Automatic;
				DEVELOPMENT_TEAM = WG5JPDZ522;
				INFOPLIST_FILE = ProgressBarTests/Info.plist;
				LD_RUNPATH_SEARCH_PATHS = "$(inherited) @executable_path/Frameworks @loader_path/Frameworks";
				PRODUCT_BUNDLE_IDENTIFIER = test.ProgressBarTests;
				PRODUCT_NAME = "$(TARGET_NAME)";
				SWIFT_VERSION = 4.0;
				TARGETED_DEVICE_FAMILY = "1,2";
				TEST_HOST = "$(BUILT_PRODUCTS_DIR)/ProgressBar.app/ProgressBar";
			};
			name = Debug;
		};
		765DBB2621CAD88B00C2FBB8 /* Release */ = {
			isa = XCBuildConfiguration;
			buildSettings = {
				ALWAYS_EMBED_SWIFT_STANDARD_LIBRARIES = YES;
				BUNDLE_LOADER = "$(TEST_HOST)";
				CODE_SIGN_STYLE = Automatic;
				DEVELOPMENT_TEAM = WG5JPDZ522;
				INFOPLIST_FILE = ProgressBarTests/Info.plist;
				LD_RUNPATH_SEARCH_PATHS = "$(inherited) @executable_path/Frameworks @loader_path/Frameworks";
				PRODUCT_BUNDLE_IDENTIFIER = test.ProgressBarTests;
				PRODUCT_NAME = "$(TARGET_NAME)";
				SWIFT_VERSION = 4.0;
				TARGETED_DEVICE_FAMILY = "1,2";
				TEST_HOST = "$(BUILT_PRODUCTS_DIR)/ProgressBar.app/ProgressBar";
			};
			name = Release;
		};
		765DBB2821CAD88B00C2FBB8 /* Debug */ = {
			isa = XCBuildConfiguration;
			buildSettings = {
				ALWAYS_EMBED_SWIFT_STANDARD_LIBRARIES = YES;
				CODE_SIGN_STYLE = Automatic;
				DEVELOPMENT_TEAM = WG5JPDZ522;
				INFOPLIST_FILE = ProgressBarUITests/Info.plist;
				LD_RUNPATH_SEARCH_PATHS = "$(inherited) @executable_path/Frameworks @loader_path/Frameworks";
				PRODUCT_BUNDLE_IDENTIFIER = test.ProgressBarUITests;
				PRODUCT_NAME = "$(TARGET_NAME)";
				SWIFT_VERSION = 4.0;
				TARGETED_DEVICE_FAMILY = "1,2";
				TEST_TARGET_NAME = ProgressBar;
			};
			name = Debug;
		};
		765DBB2921CAD88B00C2FBB8 /* Release */ = {
			isa = XCBuildConfiguration;
			buildSettings = {
				ALWAYS_EMBED_SWIFT_STANDARD_LIBRARIES = YES;
				CODE_SIGN_STYLE = Automatic;
				DEVELOPMENT_TEAM = WG5JPDZ522;
				INFOPLIST_FILE = ProgressBarUITests/Info.plist;
				LD_RUNPATH_SEARCH_PATHS = "$(inherited) @executable_path/Frameworks @loader_path/Frameworks";
				PRODUCT_BUNDLE_IDENTIFIER = test.ProgressBarUITests;
				PRODUCT_NAME = "$(TARGET_NAME)";
				SWIFT_VERSION = 4.0;
				TARGETED_DEVICE_FAMILY = "1,2";
				TEST_TARGET_NAME = ProgressBar;
			};
			name = Release;
		};
/* End XCBuildConfiguration section */

/* Begin XCConfigurationList section */
		765DBAF121CAD88B00C2FBB8 /* Build configuration list for PBXProject "ProgressBar" */ = {
			isa = XCConfigurationList;
			buildConfigurations = (
				765DBB1F21CAD88B00C2FBB8 /* Debug */,
				765DBB2021CAD88B00C2FBB8 /* Release */,
			);
			defaultConfigurationIsVisible = 0;
			defaultConfigurationName = Release;
		};
		765DBB2121CAD88B00C2FBB8 /* Build configuration list for PBXNativeTarget "ProgressBar" */ = {
			isa = XCConfigurationList;
			buildConfigurations = (
				765DBB2221CAD88B00C2FBB8 /* Debug */,
				765DBB2321CAD88B00C2FBB8 /* Release */,
			);
			defaultConfigurationIsVisible = 0;
			defaultConfigurationName = Release;
		};
		765DBB2421CAD88B00C2FBB8 /* Build configuration list for PBXNativeTarget "ProgressBarTests" */ = {
			isa = XCConfigurationList;
			buildConfigurations = (
				765DBB2521CAD88B00C2FBB8 /* Debug */,
				765DBB2621CAD88B00C2FBB8 /* Release */,
			);
			defaultConfigurationIsVisible = 0;
			defaultConfigurationName = Release;
		};
		765DBB2721CAD88B00C2FBB8 /* Build configuration list for PBXNativeTarget "ProgressBarUITests" */ = {
			isa = XCConfigurationList;
			buildConfigurations = (
				765DBB2821CAD88B00C2FBB8 /* Debug */,
				765DBB2921CAD88B00C2FBB8 /* Release */,
			);
			defaultConfigurationIsVisible = 0;
			defaultConfigurationName = Release;
		};
/* End XCConfigurationList section */

/* Begin XCVersionGroup section */
		765DBB0021CAD88B00C2FBB8 /* ProgressBar.xcdatamodeld */ = {
			isa = XCVersionGroup;
			children = (
				765DBB0121CAD88B00C2FBB8 /* ProgressBar.xcdatamodel */,
			);
			currentVersion = 765DBB0121CAD88B00C2FBB8 /* ProgressBar.xcdatamodel */;
			path = ProgressBar.xcdatamodeld;
			sourceTree = "<group>";
			versionGroupType = wrapper.xcdatamodel;
		};
/* End XCVersionGroup section */
	};
	rootObject = 765DBAEE21CAD88B00C2FBB8 /* Project object */;
}
